# THIS IS AN AUTOGENERATED FILE. DO NOT EDIT THIS FILE DIRECTLY.
# yarn lockfile v1


"@fortawesome/fontawesome-free@^5.2.0":
  version "5.2.0"
  resolved "https://registry.yarnpkg.com/@fortawesome/fontawesome-free/-/fontawesome-free-5.2.0.tgz#50cd9856774351c56c0b1b0db4efe122d7913e58"

datatables.net-dt@^1.10.19:
  version "1.10.19"
  resolved "https://registry.yarnpkg.com/datatables.net-dt/-/datatables.net-dt-1.10.19.tgz#fc668e4942ac6e331be2707975d0f33e01afb60f"
  dependencies:
    datatables.net "1.10.19"
    jquery ">=1.7"

datatables.net@1.10.19:
  version "1.10.19"
  resolved "https://registry.yarnpkg.com/datatables.net/-/datatables.net-1.10.19.tgz#97a1ed41c85e62d61040603481b59790a172dd1f"
  dependencies:
    jquery ">=1.7"

jquery@>=1.7, jquery@^3.3.1:
  version "3.3.1"
  resolved "https://registry.yarnpkg.com/jquery/-/jquery-3.3.1.tgz#958ce29e81c9790f31be7792df5d4d95fc57fbca"

uikit@^3.0.0-rc.10:
  version "3.0.0-rc.10"
  resolved "https://registry.yarnpkg.com/uikit/-/uikit-3.0.0-rc.10.tgz#c6d2d2e2611669efaf6e40bef24f22b7a9ccd8d7"
